
Microsoft Visual Studio Solution File, Format Version 12.00
# Visual Studio Version 16
VisualStudioVersion = 16.0.30128.74
MinimumVisualStudioVersion = 10.0.40219.1
Project("{9A19103F-16F7-4668-BE54-9A1E7A4F7556}") = "AWSCrud", "AWSCrud.csproj", "{D9C4E8A5-E449-437F-B8FF-64C525D24320}"
EndProject
Global
	GlobalSection(SolutionConfigurationPlatforms) = preSolution
		Debug|Any CPU = Debug|Any CPU
		Release|Any CPU = Release|Any CPU
	EndGlobalSection
	GlobalSection(ProjectConfigurationPlatforms) = postSolution
		{D9C4E8A5-E449-437F-B8FF-64C525D24320}.Debug|Any CPU.ActiveCfg = Debug|Any CPU
		{D9C4E8A5-E449-437F-B8FF-64C525D24320}.Debug|Any CPU.Build.0 = Debug|Any CPU
		{D9C4E8A5-E449-437F-B8FF-64C525D24320}.Release|Any CPU.ActiveCfg = Release|Any CPU
		{D9C4E8A5-E449-437F-B8FF-64C525D24320}.Release|Any CPU.Build.0 = Release|Any CPU
	EndGlobalSection
	GlobalSection(SolutionProperties) = preSolution
		HideSolutionNode = FALSE
	EndGlobalSection
	GlobalSection(ExtensibilityGlobals) = postSolution
		SolutionGuid = {8D21BAA7-231A-496B-8014-EC02A111CE30}
	EndGlobalSection
EndGlobal
